{
    "_readme": [
        "This file locks the dependencies of your project to a known state",
        "Read more about it at https://getcomposer.org/doc/01-basic-usage.md#composer-lock-the-lock-file",
        "This file is @generated automatically"
    ],
    "hash": "50a2b18fdb5c1c5ff48bb2d78ab38141",
    "content-hash": "3ca32cb1bc20ad73f63789acad561d8d",
    "packages": [
        {
            "name": "edge/sass",
            "version": "dev-master",
            "source": {
                "type": "git",
                "url": "https://github.com/outeredge/edge-sass.git",
                "reference": "94c1a6419fdbe649b93becae7610508b50a7ba3c"
            },
            "dist": {
                "type": "zip",
                "url": "https://api.github.com/repos/outeredge/edge-sass/zipball/94c1a6419fdbe649b93becae7610508b50a7ba3c",
                "reference": "94c1a6419fdbe649b93becae7610508b50a7ba3c",
                "shasum": ""
            },
            "type": "library",
            "notification-url": "https://packagist.org/downloads/",
            "authors": [
                {
                    "name": "outer/edge",
                    "email": "support@outeredgeuk.com"
                }
            ],
            "description": "Edge SASS (MF & Flex)",
            "time": "2015-11-24 14:28:17"
        }
    ],
    "packages-dev": [],
    "aliases": [],
    "minimum-stability": "dev",
    "stability-flags": [],
    "prefer-stable": false,
    "prefer-lowest": false,
    "platform": [],
    "platform-dev": []
}
